// !$*UTF8*$!
{
	archiveVersion = 1;
	classes = {
	};
	objectVersion = 46;
	objects = {

/* Begin PBXBuildFile section */
		FF94B21919CC1D75005B279C /* main.m in Sources */ = {isa = PBXBuildFile; fileRef = FF94B21819CC1D75005B279C /* main.m */; };
		FF94B21C19CC1D75005B279C /* AppDelegate.m in Sources */ = {isa = PBXBuildFile; fileRef = FF94B21B19CC1D75005B279C /* AppDelegate.m */; };
		FF94B22219CC1D75005B279C /* Main.storyboard in Resources */ = {isa = PBXBuildFile; fileRef = FF94B22019CC1D75005B279C /* Main.storyboard */; };
		FF94B22419CC1D75005B279C /* Images.xcassets in Resources */ = {isa = PBXBuildFile; fileRef = FF94B22319CC1D75005B279C /* Images.xcassets */; };
		FF94B22719CC1D75005B279C /* LaunchScreen.xib in Resources */ = {isa = PBXBuildFile; fileRef = FF94B22519CC1D75005B279C /* LaunchScreen.xib */; };
		FF94B23319CC1D75005B279C /* TPRIOATests.m in Sources */ = {isa = PBXBuildFile; fileRef = FF94B23219CC1D75005B279C /* TPRIOATests.m */; };
		FF94B24719CC3BD0005B279C /* title_logo.png in Resources */ = {isa = PBXBuildFile; fileRef = FF94B24619CC3BD0005B279C /* title_logo.png */; };
		FF94B24919CC3D17005B279C /* light_settings_gear.png in Resources */ = {isa = PBXBuildFile; fileRef = FF94B24819CC3D17005B279C /* light_settings_gear.png */; };
		FF94B25019CC4324005B279C /* ColorCollection.m in Sources */ = {isa = PBXBuildFile; fileRef = FF94B24F19CC4324005B279C /* ColorCollection.m */; };
		FF94B25419CC7660005B279C /* LoginViewController.m in Sources */ = {isa = PBXBuildFile; fileRef = FF94B25219CC7660005B279C /* LoginViewController.m */; };
		FF94B25519CC7660005B279C /* LoginViewController.xib in Resources */ = {isa = PBXBuildFile; fileRef = FF94B25319CC7660005B279C /* LoginViewController.xib */; };
		FFCE16E519CD8E260009853D /* info_button@2x.png in Resources */ = {isa = PBXBuildFile; fileRef = FFCE16E319CD8E260009853D /* info_button@2x.png */; };
		FFCE16E619CD8E260009853D /* loading_spinner.png in Resources */ = {isa = PBXBuildFile; fileRef = FFCE16E419CD8E260009853D /* loading_spinner.png */; };
		FFD5BDC419CCA751006B622D /* DialogCollection.m in Sources */ = {isa = PBXBuildFile; fileRef = FFD5BDC319CCA751006B622D /* DialogCollection.m */; };
/* End PBXBuildFile section */

/* Begin PBXContainerItemProxy section */
		FF94B22D19CC1D75005B279C /* PBXContainerItemProxy */ = {
			isa = PBXContainerItemProxy;
			containerPortal = FF94B20B19CC1D75005B279C /* Project object */;
			proxyType = 1;
			remoteGlobalIDString = FF94B21219CC1D75005B279C;
			remoteInfo = TPRIOA;
		};
/* End PBXContainerItemProxy section */

/* Begin PBXFileReference section */
		FF94B21319CC1D75005B279C /* TPRIOA.app */ = {isa = PBXFileReference; explicitFileType = wrapper.application; includeInIndex = 0; path = TPRIOA.app; sourceTree = BUILT_PRODUCTS_DIR; };
		FF94B21719CC1D75005B279C /* Info.plist */ = {isa = PBXFileReference; lastKnownFileType = text.plist.xml; path = Info.plist; sourceTree = "<group>"; };
		FF94B21819CC1D75005B279C /* main.m */ = {isa = PBXFileReference; lastKnownFileType = sourcecode.c.objc; path = main.m; sourceTree = "<group>"; };
		FF94B21A19CC1D75005B279C /* AppDelegate.h */ = {isa = PBXFileReference; lastKnownFileType = sourcecode.c.h; path = AppDelegate.h; sourceTree = "<group>"; };
		FF94B21B19CC1D75005B279C /* AppDelegate.m */ = {isa = PBXFileReference; lastKnownFileType = sourcecode.c.objc; path = AppDelegate.m; sourceTree = "<group>"; };
		FF94B22119CC1D75005B279C /* Base */ = {isa = PBXFileReference; lastKnownFileType = file.storyboard; name = Base; path = Base.lproj/Main.storyboard; sourceTree = "<group>"; };
		FF94B22319CC1D75005B279C /* Images.xcassets */ = {isa = PBXFileReference; lastKnownFileType = folder.assetcatalog; path = Images.xcassets; sourceTree = "<group>"; };
		FF94B22619CC1D75005B279C /* Base */ = {isa = PBXFileReference; lastKnownFileType = file.xib; name = Base; path = Base.lproj/LaunchScreen.xib; sourceTree = "<group>"; };
		FF94B22C19CC1D75005B279C /* TPRIOATests.xctest */ = {isa = PBXFileReference; explicitFileType = wrapper.cfbundle; includeInIndex = 0; path = TPRIOATests.xctest; sourceTree = BUILT_PRODUCTS_DIR; };
		FF94B23119CC1D75005B279C /* Info.plist */ = {isa = PBXFileReference; lastKnownFileType = text.plist.xml; path = Info.plist; sourceTree = "<group>"; };
		FF94B23219CC1D75005B279C /* TPRIOATests.m */ = {isa = PBXFileReference; lastKnownFileType = sourcecode.c.objc; path = TPRIOATests.m; sourceTree = "<group>"; };
		FF94B24619CC3BD0005B279C /* title_logo.png */ = {isa = PBXFileReference; lastKnownFileType = image.png; path = title_logo.png; sourceTree = "<group>"; };
		FF94B24819CC3D17005B279C /* light_settings_gear.png */ = {isa = PBXFileReference; lastKnownFileType = image.png; path = light_settings_gear.png; sourceTree = "<group>"; };
		FF94B24E19CC4324005B279C /* ColorCollection.h */ = {isa = PBXFileReference; fileEncoding = 4; lastKnownFileType = sourcecode.c.h; path = ColorCollection.h; sourceTree = "<group>"; };
		FF94B24F19CC4324005B279C /* ColorCollection.m */ = {isa = PBXFileReference; fileEncoding = 4; lastKnownFileType = sourcecode.c.objc; path = ColorCollection.m; sourceTree = "<group>"; };
		FF94B25119CC7660005B279C /* LoginViewController.h */ = {isa = PBXFileReference; fileEncoding = 4; lastKnownFileType = sourcecode.c.h; path = LoginViewController.h; sourceTree = "<group>"; };
		FF94B25219CC7660005B279C /* LoginViewController.m */ = {isa = PBXFileReference; fileEncoding = 4; lastKnownFileType = sourcecode.c.objc; path = LoginViewController.m; sourceTree = "<group>"; };
		FF94B25319CC7660005B279C /* LoginViewController.xib */ = {isa = PBXFileReference; fileEncoding = 4; lastKnownFileType = file.xib; path = LoginViewController.xib; sourceTree = "<group>"; };
		FFCE16E319CD8E260009853D /* info_button@2x.png */ = {isa = PBXFileReference; lastKnownFileType = image.png; path = "info_button@2x.png"; sourceTree = "<group>"; };
		FFCE16E419CD8E260009853D /* loading_spinner.png */ = {isa = PBXFileReference; lastKnownFileType = image.png; path = loading_spinner.png; sourceTree = "<group>"; };
		FFD5BDC219CCA751006B622D /* DialogCollection.h */ = {isa = PBXFileReference; fileEncoding = 4; lastKnownFileType = sourcecode.c.h; path = DialogCollection.h; sourceTree = "<group>"; };
		FFD5BDC319CCA751006B622D /* DialogCollection.m */ = {isa = PBXFileReference; fileEncoding = 4; lastKnownFileType = sourcecode.c.objc; path = DialogCollection.m; sourceTree = "<group>"; };
/* End PBXFileReference section */

/* Begin PBXFrameworksBuildPhase section */
		FF94B21019CC1D75005B279C /* Frameworks */ = {
			isa = PBXFrameworksBuildPhase;
			buildActionMask = 2147483647;
			files = (
			);
			runOnlyForDeploymentPostprocessing = 0;
		};
		FF94B22919CC1D75005B279C /* Frameworks */ = {
			isa = PBXFrameworksBuildPhase;
			buildActionMask = 2147483647;
			files = (
			);
			runOnlyForDeploymentPostprocessing = 0;
		};
/* End PBXFrameworksBuildPhase section */

/* Begin PBXGroup section */
		FF94B20A19CC1D75005B279C = {
			isa = PBXGroup;
			children = (
				FF94B21519CC1D75005B279C /* TPRIOA */,
				FF94B22F19CC1D75005B279C /* TPRIOATests */,
				FF94B21419CC1D75005B279C /* Products */,
			);
			sourceTree = "<group>";
		};
		FF94B21419CC1D75005B279C /* Products */ = {
			isa = PBXGroup;
			children = (
				FF94B21319CC1D75005B279C /* TPRIOA.app */,
				FF94B22C19CC1D75005B279C /* TPRIOATests.xctest */,
			);
			name = Products;
			sourceTree = "<group>";
		};
		FF94B21519CC1D75005B279C /* TPRIOA */ = {
			isa = PBXGroup;
			children = (
				FF94B21A19CC1D75005B279C /* AppDelegate.h */,
				FF94B21B19CC1D75005B279C /* AppDelegate.m */,
				FF94B25119CC7660005B279C /* LoginViewController.h */,
				FF94B25219CC7660005B279C /* LoginViewController.m */,
				FF94B25319CC7660005B279C /* LoginViewController.xib */,
				FFD5BDC219CCA751006B622D /* DialogCollection.h */,
				FFD5BDC319CCA751006B622D /* DialogCollection.m */,
				FF94B24E19CC4324005B279C /* ColorCollection.h */,
				FF94B24F19CC4324005B279C /* ColorCollection.m */,
				FF94B22019CC1D75005B279C /* Main.storyboard */,
				FF94B22319CC1D75005B279C /* Images.xcassets */,
				FF94B22519CC1D75005B279C /* LaunchScreen.xib */,
				FF94B24519CC3BD0005B279C /* icon */,
				FF94B21619CC1D75005B279C /* Supporting Files */,
			);
			path = TPRIOA;
			sourceTree = "<group>";
		};
		FF94B21619CC1D75005B279C /* Supporting Files */ = {
			isa = PBXGroup;
			children = (
				FF94B21719CC1D75005B279C /* Info.plist */,
				FF94B21819CC1D75005B279C /* main.m */,
			);
			name = "Supporting Files";
			sourceTree = "<group>";
		};
		FF94B22F19CC1D75005B279C /* TPRIOATests */ = {
			isa = PBXGroup;
			children = (
				FF94B23219CC1D75005B279C /* TPRIOATests.m */,
				FF94B23019CC1D75005B279C /* Supporting Files */,
			);
			path = TPRIOATests;
			sourceTree = "<group>";
		};
		FF94B23019CC1D75005B279C /* Supporting Files */ = {
			isa = PBXGroup;
			children = (
				FF94B23119CC1D75005B279C /* Info.plist */,
			);
			name = "Supporting Files";
			sourceTree = "<group>";
		};
		FF94B24519CC3BD0005B279C /* icon */ = {
			isa = PBXGroup;
			children = (
				FFCE16E319CD8E260009853D /* info_button@2x.png */,
				FFCE16E419CD8E260009853D /* loading_spinner.png */,
				FF94B24819CC3D17005B279C /* light_settings_gear.png */,
				FF94B24619CC3BD0005B279C /* title_logo.png */,
			);
			path = icon;
			sourceTree = "<group>";
		};
/* End PBXGroup section */

/* Begin PBXNativeTarget section */
		FF94B21219CC1D75005B279C /* TPRIOA */ = {
			isa = PBXNativeTarget;
			buildConfigurationList = FF94B23619CC1D75005B279C /* Build configuration list for PBXNativeTarget "TPRIOA" */;
			buildPhases = (
				FF94B20F19CC1D75005B279C /* Sources */,
				FF94B21019CC1D75005B279C /* Frameworks */,
				FF94B21119CC1D75005B279C /* Resources */,
			);
			buildRules = (
			);
			dependencies = (
			);
			name = TPRIOA;
			productName = TPRIOA;
			productReference = FF94B21319CC1D75005B279C /* TPRIOA.app */;
			productType = "com.apple.product-type.application";
		};
		FF94B22B19CC1D75005B279C /* TPRIOATests */ = {
			isa = PBXNativeTarget;
			buildConfigurationList = FF94B23919CC1D75005B279C /* Build configuration list for PBXNativeTarget "TPRIOATests" */;
			buildPhases = (
				FF94B22819CC1D75005B279C /* Sources */,
				FF94B22919CC1D75005B279C /* Frameworks */,
				FF94B22A19CC1D75005B279C /* Resources */,
			);
			buildRules = (
			);
			dependencies = (
				FF94B22E19CC1D75005B279C /* PBXTargetDependency */,
			);
			name = TPRIOATests;
			productName = TPRIOATests;
			productReference = FF94B22C19CC1D75005B279C /* TPRIOATests.xctest */;
			productType = "com.apple.product-type.bundle.unit-test";
		};
/* End PBXNativeTarget section */

/* Begin PBXProject section */
		FF94B20B19CC1D75005B279C /* Project object */ = {
			isa = PBXProject;
			attributes = {
				LastUpgradeCheck = 0600;
				ORGANIZATIONNAME = xiaoyong;
				TargetAttributes = {
					FF94B21219CC1D75005B279C = {
						CreatedOnToolsVersion = 6.0.1;
					};
					FF94B22B19CC1D75005B279C = {
						CreatedOnToolsVersion = 6.0.1;
						TestTargetID = FF94B21219CC1D75005B279C;
					};
				};
			};
			buildConfigurationList = FF94B20E19CC1D75005B279C /* Build configuration list for PBXProject "TPRIOA" */;
			compatibilityVersion = "Xcode 3.2";
			developmentRegion = English;
			hasScannedForEncodings = 0;
			knownRegions = (
				en,
				Base,
			);
			mainGroup = FF94B20A19CC1D75005B279C;
			productRefGroup = FF94B21419CC1D75005B279C /* Products */;
			projectDirPath = "";
			projectRoot = "";
			targets = (
				FF94B21219CC1D75005B279C /* TPRIOA */,
				FF94B22B19CC1D75005B279C /* TPRIOATests */,
			);
		};
/* End PBXProject section */

/* Begin PBXResourcesBuildPhase section */
		FF94B21119CC1D75005B279C /* Resources */ = {
			isa = PBXResourcesBuildPhase;
			buildActionMask = 2147483647;
			files = (
				FF94B24719CC3BD0005B279C /* title_logo.png in Resources */,
				FF94B24919CC3D17005B279C /* light_settings_gear.png in Resources */,
				FF94B22219CC1D75005B279C /* Main.storyboard in Resources */,
				FF94B22719CC1D75005B279C /* LaunchScreen.xib in Resources */,
				FF94B25519CC7660005B279C /* LoginViewController.xib in Resources */,
				FFCE16E619CD8E260009853D /* loading_spinner.png in Resources */,
				FFCE16E519CD8E260009853D /* info_button@2x.png in Resources */,
				FF94B22419CC1D75005B279C /* Images.xcassets in Resources */,
			);
			runOnlyForDeploymentPostprocessing = 0;
		};
		FF94B22A19CC1D75005B279C /* Resources */ = {
			isa = PBXResourcesBuildPhase;
			buildActionMask = 2147483647;
			files = (
			);
			runOnlyForDeploymentPostprocessing = 0;
		};
/* End PBXResourcesBuildPhase section */

/* Begin PBXSourcesBuildPhase section */
		FF94B20F19CC1D75005B279C /* Sources */ = {
			isa = PBXSourcesBuildPhase;
			buildActionMask = 2147483647;
			files = (
				FF94B25419CC7660005B279C /* LoginViewController.m in Sources */,
				FFD5BDC419CCA751006B622D /* DialogCollection.m in Sources */,
				FF94B21C19CC1D75005B279C /* AppDelegate.m in Sources */,
				FF94B21919CC1D75005B279C /* main.m in Sources */,
				FF94B25019CC4324005B279C /* ColorCollection.m in Sources */,
			);
			runOnlyForDeploymentPostprocessing = 0;
		};
		FF94B22819CC1D75005B279C /* Sources */ = {
			isa = PBXSourcesBuildPhase;
			buildActionMask = 2147483647;
			files = (
				FF94B23319CC1D75005B279C /* TPRIOATests.m in Sources */,
			);
			runOnlyForDeploymentPostprocessing = 0;
		};
/* End PBXSourcesBuildPhase section */

/* Begin PBXTargetDependency section */
		FF94B22E19CC1D75005B279C /* PBXTargetDependency */ = {
			isa = PBXTargetDependency;
			target = FF94B21219CC1D75005B279C /* TPRIOA */;
			targetProxy = FF94B22D19CC1D75005B279C /* PBXContainerItemProxy */;
		};
/* End PBXTargetDependency section */

/* Begin PBXVariantGroup section */
		FF94B22019CC1D75005B279C /* Main.storyboard */ = {
			isa = PBXVariantGroup;
			children = (
				FF94B22119CC1D75005B279C /* Base */,
			);
			name = Main.storyboard;
			sourceTree = "<group>";
		};
		FF94B22519CC1D75005B279C /* LaunchScreen.xib */ = {
			isa = PBXVariantGroup;
			children = (
				FF94B22619CC1D75005B279C /* Base */,
			);
			name = LaunchScreen.xib;
			sourceTree = "<group>";
		};
/* End PBXVariantGroup section */

/* Begin XCBuildConfiguration section */
		FF94B23419CC1D75005B279C /* Debug */ = {
			isa = XCBuildConfiguration;
			buildSettings = {
				ALWAYS_SEARCH_USER_PATHS = NO;
				CLANG_CXX_LANGUAGE_STANDARD = "gnu++0x";
				CLANG_CXX_LIBRARY = "libc++";
				CLANG_ENABLE_MODULES = YES;
				CLANG_ENABLE_OBJC_ARC = YES;
				CLANG_WARN_BOOL_CONVERSION = YES;
				CLANG_WARN_CONSTANT_CONVERSION = YES;
				CLANG_WARN_DIRECT_OBJC_ISA_USAGE = YES_ERROR;
				CLANG_WARN_EMPTY_BODY = YES;
				CLANG_WARN_ENUM_CONVERSION = YES;
				CLANG_WARN_INT_CONVERSION = YES;
				CLANG_WARN_OBJC_ROOT_CLASS = YES_ERROR;
				CLANG_WARN_UNREACHABLE_CODE = YES;
				CLANG_WARN__DUPLICATE_METHOD_MATCH = YES;
				"CODE_SIGN_IDENTITY[sdk=iphoneos*]" = "iPhone Developer";
				COPY_PHASE_STRIP = NO;
				ENABLE_STRICT_OBJC_MSGSEND = YES;
				GCC_C_LANGUAGE_STANDARD = gnu99;
				GCC_DYNAMIC_NO_PIC = NO;
				GCC_OPTIMIZATION_LEVEL = 0;
				GCC_PREPROCESSOR_DEFINITIONS = (
					"DEBUG=1",
					"$(inherited)",
				);
				GCC_SYMBOLS_PRIVATE_EXTERN = NO;
				GCC_WARN_64_TO_32_BIT_CONVERSION = YES;
				GCC_WARN_ABOUT_RETURN_TYPE = YES_ERROR;
				GCC_WARN_UNDECLARED_SELECTOR = YES;
				GCC_WARN_UNINITIALIZED_AUTOS = YES_AGGRESSIVE;
				GCC_WARN_UNUSED_FUNCTION = YES;
				GCC_WARN_UNUSED_VARIABLE = YES;
				IPHONEOS_DEPLOYMENT_TARGET = 8.0;
				MTL_ENABLE_DEBUG_INFO = YES;
				ONLY_ACTIVE_ARCH = YES;
				SDKROOT = iphoneos;
				TARGETED_DEVICE_FAMILY = 2;
			};
			name = Debug;
		};
		FF94B23519CC1D75005B279C /* Release */ = {
			isa = XCBuildConfiguration;
			buildSettings = {
				ALWAYS_SEARCH_USER_PATHS = NO;
				CLANG_CXX_LANGUAGE_STANDARD = "gnu++0x";
				CLANG_CXX_LIBRARY = "libc++";
				CLANG_ENABLE_MODULES = YES;
				CLANG_ENABLE_OBJC_ARC = YES;
				CLANG_WARN_BOOL_CONVERSION = YES;
				CLANG_WARN_CONSTANT_CONVERSION = YES;
				CLANG_WARN_DIRECT_OBJC_ISA_USAGE = YES_ERROR;
				CLANG_WARN_EMPTY_BODY = YES;
				CLANG_WARN_ENUM_CONVERSION = YES;
				CLANG_WARN_INT_CONVERSION = YES;
				CLANG_WARN_OBJC_ROOT_CLASS = YES_ERROR;
				CLANG_WARN_UNREACHABLE_CODE = YES;
				CLANG_WARN__DUPLICATE_METHOD_MATCH = YES;
				"CODE_SIGN_IDENTITY[sdk=iphoneos*]" = "iPhone Developer";
				COPY_PHASE_STRIP = YES;
				ENABLE_NS_ASSERTIONS = NO;
				ENABLE_STRICT_OBJC_MSGSEND = YES;
				GCC_C_LANGUAGE_STANDARD = gnu99;
				GCC_WARN_64_TO_32_BIT_CONVERSION = YES;
				GCC_WARN_ABOUT_RETURN_TYPE = YES_ERROR;
				GCC_WARN_UNDECLARED_SELECTOR = YES;
				GCC_WARN_UNINITIALIZED_AUTOS = YES_AGGRESSIVE;
				GCC_WARN_UNUSED_FUNCTION = YES;
				GCC_WARN_UNUSED_VARIABLE = YES;
				IPHONEOS_DEPLOYMENT_TARGET = 8.0;
				MTL_ENABLE_DEBUG_INFO = NO;
				SDKROOT = iphoneos;
				TARGETED_DEVICE_FAMILY = 2;
				VALIDATE_PRODUCT = YES;
			};
			name = Release;
		};
		FF94B23719CC1D75005B279C /* Debug */ = {
			isa = XCBuildConfiguration;
			buildSettings = {
				ASSETCATALOG_COMPILER_APPICON_NAME = AppIcon;
				INFOPLIST_FILE = TPRIOA/Info.plist;
				IPHONEOS_DEPLOYMENT_TARGET = 7.1;
				LD_RUNPATH_SEARCH_PATHS = "$(inherited) @executable_path/Frameworks";
				PRODUCT_NAME = "$(TARGET_NAME)";
				TARGETED_DEVICE_FAMILY = 2;
			};
			name = Debug;
		};
		FF94B23819CC1D75005B279C /* Release */ = {
			isa = XCBuildConfiguration;
			buildSettings = {
				ASSETCATALOG_COMPILER_APPICON_NAME = AppIcon;
				INFOPLIST_FILE = TPRIOA/Info.plist;
				IPHONEOS_DEPLOYMENT_TARGET = 7.1;
				LD_RUNPATH_SEARCH_PATHS = "$(inherited) @executable_path/Frameworks";
				PRODUCT_NAME = "$(TARGET_NAME)";
				TARGETED_DEVICE_FAMILY = 2;
			};
			name = Release;
		};
		FF94B23A19CC1D75005B279C /* Debug */ = {
			isa = XCBuildConfiguration;
			buildSettings = {
				BUNDLE_LOADER = "$(TEST_HOST)";
				FRAMEWORK_SEARCH_PATHS = (
					"$(SDKROOT)/Developer/Library/Frameworks",
					"$(inherited)",
				);
				GCC_PREPROCESSOR_DEFINITIONS = (
					"DEBUG=1",
					"$(inherited)",
				);
				INFOPLIST_FILE = TPRIOATests/Info.plist;
				LD_RUNPATH_SEARCH_PATHS = "$(inherited) @executable_path/Frameworks @loader_path/Frameworks";
				PRODUCT_NAME = "$(TARGET_NAME)";
				TEST_HOST = "$(BUILT_PRODUCTS_DIR)/TPRIOA.app/TPRIOA";
			};
			name = Debug;
		};
		FF94B23B19CC1D75005B279C /* Release */ = {
			isa = XCBuildConfiguration;
			buildSettings = {
				BUNDLE_LOADER = "$(TEST_HOST)";
				FRAMEWORK_SEARCH_PATHS = (
					"$(SDKROOT)/Developer/Library/Frameworks",
					"$(inherited)",
				);
				INFOPLIST_FILE = TPRIOATests/Info.plist;
				LD_RUNPATH_SEARCH_PATHS = "$(inherited) @executable_path/Frameworks @loader_path/Frameworks";
				PRODUCT_NAME = "$(TARGET_NAME)";
				TEST_HOST = "$(BUILT_PRODUCTS_DIR)/TPRIOA.app/TPRIOA";
			};
			name = Release;
		};
/* End XCBuildConfiguration section */

/* Begin XCConfigurationList section */
		FF94B20E19CC1D75005B279C /* Build configuration list for PBXProject "TPRIOA" */ = {
			isa = XCConfigurationList;
			buildConfigurations = (
				FF94B23419CC1D75005B279C /* Debug */,
				FF94B23519CC1D75005B279C /* Release */,
			);
			defaultConfigurationIsVisible = 0;
			defaultConfigurationName = Release;
		};
		FF94B23619CC1D75005B279C /* Build configuration list for PBXNativeTarget "TPRIOA" */ = {
			isa = XCConfigurationList;
			buildConfigurations = (
				FF94B23719CC1D75005B279C /* Debug */,
				FF94B23819CC1D75005B279C /* Release */,
			);
			defaultConfigurationIsVisible = 0;
			defaultConfigurationName = Release;
		};
		FF94B23919CC1D75005B279C /* Build configuration list for PBXNativeTarget "TPRIOATests" */ = {
			isa = XCConfigurationList;
			buildConfigurations = (
				FF94B23A19CC1D75005B279C /* Debug */,
				FF94B23B19CC1D75005B279C /* Release */,
			);
			defaultConfigurationIsVisible = 0;
			defaultConfigurationName = Release;
		};
/* End XCConfigurationList section */
	};
	rootObject = FF94B20B19CC1D75005B279C /* Project object */;
}
